github.com/Hayao0819/sysinfo-ng v0.0.0-20230423150602-65ccee852cc0 h1:jVT59/ltgvXMN2P/r+Rwyf8FA3Y9T4nXBpI53UgdKsM=
github.com/Hayao0819/sysinfo-ng v0.0.0-20230423150602-65ccee852cc0/go.mod h1:tQI+TRmIyGa4vmVDQINIl/4IYUVeQiHOliQw8Xj/qXc=
github.com/ashcrow/osrelease v0.0.0-20180626175927-9b292693c55c h1:icme0QhxrgZOxTBnT6K8dfGLwbKWSOVwPB95XTbo8Ws=
github.com/ashcrow/osrelease v0.0.0-20180626175927-9b292693c55c/go.mod h1:BRljTyotlu+6N+Qlu5MhjxpdmccCnp9lDvZjNNV8qr4=
github.com/blabber/go-freebsd-sysctl v0.0.0-20201130114544-503969f39d8f h1:gMH+lz/KRpSqdoL+IQjgd91bP1LB8vrVEfNxr47GYC8=
github.com/blabber/go-freebsd-sysctl v0.0.0-20201130114544-503969f39d8f/go.mod h1:cTRyHktEaXkKTTEyZ0hAgS7H4V0AVoKhB8Dx0tVr/tY=
github.com/davecgh/go-spew v1.1.0/go.mod h1:J7Y8YcW2NihsgmVo/mv3lAwl/skON4iLHjSsI+c5H38=
github.com/davecgh/go-spew v1.1.1 h1:vj9j/u1bqnvCEfJOwUhtlOARqs3+rkHYY13jYWTU97c=
github.com/davecgh/go-spew v1.1.1/go.mod h1:J7Y8YcW2NihsgmVo/mv3lAwl/skON4iLHjSsI+c5H38=
github.com/jessevdk/go-flags v1.4.0/go.mod h1:4FA24M0QyGHXBuZZK/XkWh8h0e1EYbRYJSGM75WSRxI=
github.com/pmezard/go-difflib v1.0.0 h1:4DBwDE0NGyQoBHbLQYPwSUPoCMWR5BEzIk/f1lZbAQM=
github.com/pmezard/go-difflib v1.0.0/go.mod h1:iKH77koFhYxTK1pcRnkKkqfTogsbg7gZNVY4sRDYZ/4=
github.com/stretchr/objx v0.1.0/go.mod h1:HFkY916IF+rwdDfMAkV7OtwuqBVzrE8GR6GFx+wExME=
github.com/stretchr/objx v0.4.0/go.mod h1:YvHI0jy2hoMjB+UWwv71VJQ9isScKT/TqJzVSSt89Yw=
github.com/stretchr/objx v0.5.0/go.mod h1:Yh+to48EsGEfYuaHDzXPcE3xhTkx73EhmCGUpEOglKo=
github.com/stretchr/testify v1.7.1/go.mod h1:6Fq8oRcR53rry900zMqJjRRixrwX3KX962/h/Wwjteg=
github.com/stretchr/testify v1.8.0/go.mod h1:yNjHg4UonilssWZ8iaSj1OCr/vHnekPRkoO+kdMU+MU=
github.com/stretchr/testify v1.8.2 h1:+h33VjcLVPDHtOdpUCuF+7gSuG3yGIftsP1YvFihtJ8=
github.com/stretchr/testify v1.8.2/go.mod h1:w2LPCIKwWwSfY2zedu0+kehJoqGctiVI29o6fzry7u4=
github.com/thlib/go-timezone-local v0.0.0-20210907160436-ef149e42d28e h1:BuzhfgfWQbX0dWzYzT1zsORLnHRv3bcRcsaUk0VmXA8=
github.com/thlib/go-timezone-local v0.0.0-20210907160436-ef149e42d28e/go.mod h1:/Tnicc6m/lsJE0irFMA0LfIwTBo4QP7A8IfyIv4zZKI=
golang.org/x/sys v0.0.0-20210831042530-f4d43177bf5e h1:XMgFehsDnnLGtjvjOfqWSUzt0alpTR1RSEuznObga2c=
golang.org/x/sys v0.0.0-20210831042530-f4d43177bf5e/go.mod h1:oPkhp1MJrh7nUepCBck5+mAzfO9JrbApNNgaTdGDITg=
gopkg.in/check.v1 v0.0.0-20161208181325-20d25e280405 h1:yhCVgyC4o1eVCa2tZl7eS0r+SDo693bJlVdllGtEeKM=
gopkg.in/check.v1 v0.0.0-20161208181325-20d25e280405/go.mod h1:Co6ibVJAznAaIkqp8huTwlJQCZ016jof/cbN4VW5Yz0=
gopkg.in/yaml.v1 v1.0.0-20140924161607-9f9df34309c0/go.mod h1:WDnlLJ4WF5VGsH/HVa3CI79GS0ol3YnhVnKP89i0kNg=
gopkg.in/yaml.v3 v3.0.0-20200313102051-9f266ea9e77c/go.mod h1:K4uyk7z7BCEPqu6E+C64Yfv1cQ7kz7rIZviUmN+EgEM=
gopkg.in/yaml.v3 v3.0.1 h1:fxVm/GzAzEWqLHuvctI91KS9hhNmmWOoWu0XTYJS7CA=
gopkg.in/yaml.v3 v3.0.1/go.mod h1:K4uyk7z7BCEPqu6E+C64Yfv1cQ7kz7rIZviUmN+EgEM=
howett.net/plist v1.0.0 h1:7CrbWYbPPO/PyNy38b2EB/+gYbjCe2DXBxgtOOZbSQM=
howett.net/plist v1.0.0/go.mod h1:lqaXoTrLY4hg8tnEzNru53gicrbv7rrk+2xJA/7hw9g=
